
Microsoft Visual Studio Solution File, Format Version 12.00
# Visual Studio Version 16
VisualStudioVersion = 16.0.29905.134
MinimumVisualStudioVersion = 10.0.40219.1
Project("{FAE04EC0-301F-11D3-BF4B-00C04F79EFBC}") = "BL", "BL\BL.csproj", "{2423DAF8-9D38-4AA1-B8D0-AD1B0C0E2755}"
EndProject
Project("{FAE04EC0-301F-11D3-BF4B-00C04F79EFBC}") = "DL", "DL\DL.csproj", "{93A972F0-8582-445D-A024-A781C35CB88A}"
EndProject
Project("{FAE04EC0-301F-11D3-BF4B-00C04F79EFBC}") = "ML", "ML\ML.csproj", "{61C619E3-95CC-4E5C-B30D-E9A3E7EF2684}"
EndProject
Project("{FAE04EC0-301F-11D3-BF4B-00C04F79EFBC}") = "SL", "SL\SL.csproj", "{480E6338-2B52-4EE2-AD9C-FCF22B64C651}"
EndProject
Project("{FAE04EC0-301F-11D3-BF4B-00C04F79EFBC}") = "PL", "PL\PL.csproj", "{1EAAECC6-47F1-42F8-8C03-CF792B9A7E91}"
EndProject
Global
	GlobalSection(SolutionConfigurationPlatforms) = preSolution
		Debug|Any CPU = Debug|Any CPU
		Release|Any CPU = Release|Any CPU
	EndGlobalSection
	GlobalSection(ProjectConfigurationPlatforms) = postSolution
		{2423DAF8-9D38-4AA1-B8D0-AD1B0C0E2755}.Debug|Any CPU.ActiveCfg = Debug|Any CPU
		{2423DAF8-9D38-4AA1-B8D0-AD1B0C0E2755}.Debug|Any CPU.Build.0 = Debug|Any CPU
		{2423DAF8-9D38-4AA1-B8D0-AD1B0C0E2755}.Release|Any CPU.ActiveCfg = Release|Any CPU
		{2423DAF8-9D38-4AA1-B8D0-AD1B0C0E2755}.Release|Any CPU.Build.0 = Release|Any CPU
		{93A972F0-8582-445D-A024-A781C35CB88A}.Debug|Any CPU.ActiveCfg = Debug|Any CPU
		{93A972F0-8582-445D-A024-A781C35CB88A}.Debug|Any CPU.Build.0 = Debug|Any CPU
		{93A972F0-8582-445D-A024-A781C35CB88A}.Release|Any CPU.ActiveCfg = Release|Any CPU
		{93A972F0-8582-445D-A024-A781C35CB88A}.Release|Any CPU.Build.0 = Release|Any CPU
		{61C619E3-95CC-4E5C-B30D-E9A3E7EF2684}.Debug|Any CPU.ActiveCfg = Debug|Any CPU
		{61C619E3-95CC-4E5C-B30D-E9A3E7EF2684}.Debug|Any CPU.Build.0 = Debug|Any CPU
		{61C619E3-95CC-4E5C-B30D-E9A3E7EF2684}.Release|Any CPU.ActiveCfg = Release|Any CPU
		{61C619E3-95CC-4E5C-B30D-E9A3E7EF2684}.Release|Any CPU.Build.0 = Release|Any CPU
		{480E6338-2B52-4EE2-AD9C-FCF22B64C651}.Debug|Any CPU.ActiveCfg = Debug|Any CPU
		{480E6338-2B52-4EE2-AD9C-FCF22B64C651}.Debug|Any CPU.Build.0 = Debug|Any CPU
		{480E6338-2B52-4EE2-AD9C-FCF22B64C651}.Release|Any CPU.ActiveCfg = Release|Any CPU
		{480E6338-2B52-4EE2-AD9C-FCF22B64C651}.Release|Any CPU.Build.0 = Release|Any CPU
		{1EAAECC6-47F1-42F8-8C03-CF792B9A7E91}.Debug|Any CPU.ActiveCfg = Debug|Any CPU
		{1EAAECC6-47F1-42F8-8C03-CF792B9A7E91}.Debug|Any CPU.Build.0 = Debug|Any CPU
		{1EAAECC6-47F1-42F8-8C03-CF792B9A7E91}.Release|Any CPU.ActiveCfg = Release|Any CPU
		{1EAAECC6-47F1-42F8-8C03-CF792B9A7E91}.Release|Any CPU.Build.0 = Release|Any CPU
	EndGlobalSection
	GlobalSection(SolutionProperties) = preSolution
		HideSolutionNode = FALSE
	EndGlobalSection
	GlobalSection(ExtensibilityGlobals) = postSolution
		SolutionGuid = {DB4E0758-09D2-4305-85BC-126B3612CD12}
	EndGlobalSection
EndGlobal
